// !$*UTF8*$!
{
	archiveVersion = 1;
	classes = {
	};
	objectVersion = 51;
	objects = {

/* Begin PBXBuildFile section */
		036889F126ACAF3C002B7052 /* Colors.swift in Sources */ = {isa = PBXBuildFile; fileRef = 036889F026ACAF3C002B7052 /* Colors.swift */; };
		03998ECE26A99A83000E4AD5 /* Card.swift in Sources */ = {isa = PBXBuildFile; fileRef = 03998ECD26A99A83000E4AD5 /* Card.swift */; };
		03998EE726A9BC4F000E4AD5 /* SF-Pro-Display-Light.otf in Resources */ = {isa = PBXBuildFile; fileRef = 03998ED526A9BC4D000E4AD5 /* SF-Pro-Display-Light.otf */; };
		03998EE826A9BC4F000E4AD5 /* SF-Pro-Display-Black.otf in Resources */ = {isa = PBXBuildFile; fileRef = 03998ED626A9BC4D000E4AD5 /* SF-Pro-Display-Black.otf */; };
		03998EE926A9BC4F000E4AD5 /* SF-Pro-Display-UltralightItalic.otf in Resources */ = {isa = PBXBuildFile; fileRef = 03998ED726A9BC4D000E4AD5 /* SF-Pro-Display-UltralightItalic.otf */; };
		03998EEA26A9BC4F000E4AD5 /* SF-Pro-Display-BlackItalic.otf in Resources */ = {isa = PBXBuildFile; fileRef = 03998ED826A9BC4D000E4AD5 /* SF-Pro-Display-BlackItalic.otf */; };
		03998EEB26A9BC4F000E4AD5 /* SF-Pro-Display-Bold.otf in Resources */ = {isa = PBXBuildFile; fileRef = 03998ED926A9BC4E000E4AD5 /* SF-Pro-Display-Bold.otf */; };
		03998EEC26A9BC4F000E4AD5 /* SF-Pro-Display-LightItalic.otf in Resources */ = {isa = PBXBuildFile; fileRef = 03998EDA26A9BC4E000E4AD5 /* SF-Pro-Display-LightItalic.otf */; };
		03998EED26A9BC4F000E4AD5 /* SF-Pro-Display-MediumItalic.otf in Resources */ = {isa = PBXBuildFile; fileRef = 03998EDB26A9BC4E000E4AD5 /* SF-Pro-Display-MediumItalic.otf */; };
		03998EEE26A9BC4F000E4AD5 /* SF-Pro-Display-ThinItalic.otf in Resources */ = {isa = PBXBuildFile; fileRef = 03998EDC26A9BC4E000E4AD5 /* SF-Pro-Display-ThinItalic.otf */; };
		03998EEF26A9BC4F000E4AD5 /* SF-Pro-Display-Regular.otf in Resources */ = {isa = PBXBuildFile; fileRef = 03998EDD26A9BC4E000E4AD5 /* SF-Pro-Display-Regular.otf */; };
		03998EF026A9BC4F000E4AD5 /* SF-Pro-Display-Ultralight.otf in Resources */ = {isa = PBXBuildFile; fileRef = 03998EDE26A9BC4E000E4AD5 /* SF-Pro-Display-Ultralight.otf */; };
		03998EF126A9BC4F000E4AD5 /* SF-Pro-Display-Thin.otf in Resources */ = {isa = PBXBuildFile; fileRef = 03998EDF26A9BC4E000E4AD5 /* SF-Pro-Display-Thin.otf */; };
		03998EF226A9BC4F000E4AD5 /* SF-Pro-Display-Semibold.otf in Resources */ = {isa = PBXBuildFile; fileRef = 03998EE026A9BC4E000E4AD5 /* SF-Pro-Display-Semibold.otf */; };
		03998EF326A9BC4F000E4AD5 /* SF-Pro-Display-BoldItalic.otf in Resources */ = {isa = PBXBuildFile; fileRef = 03998EE126A9BC4E000E4AD5 /* SF-Pro-Display-BoldItalic.otf */; };
		03998EF426A9BC4F000E4AD5 /* SF-Pro-Display-Heavy.otf in Resources */ = {isa = PBXBuildFile; fileRef = 03998EE226A9BC4E000E4AD5 /* SF-Pro-Display-Heavy.otf */; };
		03998EF526A9BC4F000E4AD5 /* SF-Pro-Display-SemiboldItalic.otf in Resources */ = {isa = PBXBuildFile; fileRef = 03998EE326A9BC4E000E4AD5 /* SF-Pro-Display-SemiboldItalic.otf */; };
		03998EF626A9BC4F000E4AD5 /* SF-Pro-Display-RegularItalic.otf in Resources */ = {isa = PBXBuildFile; fileRef = 03998EE426A9BC4F000E4AD5 /* SF-Pro-Display-RegularItalic.otf */; };
		03998EF726A9BC4F000E4AD5 /* SF-Pro-Display-Medium.otf in Resources */ = {isa = PBXBuildFile; fileRef = 03998EE526A9BC4F000E4AD5 /* SF-Pro-Display-Medium.otf */; };
		03998EF826A9BC4F000E4AD5 /* SF-Pro-Display-HeavyItalic.otf in Resources */ = {isa = PBXBuildFile; fileRef = 03998EE626A9BC4F000E4AD5 /* SF-Pro-Display-HeavyItalic.otf */; };
		03BB911426BC30A100BB7F87 /* Favorites.swift in Sources */ = {isa = PBXBuildFile; fileRef = 03BB911326BC30A100BB7F87 /* Favorites.swift */; };
		03BB911626BC8AC300BB7F87 /* FavoritesView.swift in Sources */ = {isa = PBXBuildFile; fileRef = 03BB911526BC8AC300BB7F87 /* FavoritesView.swift */; };
		03C2264226A8D4BD00485B18 /* HomeView.swift in Sources */ = {isa = PBXBuildFile; fileRef = 03C2264126A8D4BD00485B18 /* HomeView.swift */; };
		03C2264426A8D4E200485B18 /* SideBarView.swift in Sources */ = {isa = PBXBuildFile; fileRef = 03C2264326A8D4E200485B18 /* SideBarView.swift */; };
		03DF81F426A9F995005BB501 /* CardsScroll.swift in Sources */ = {isa = PBXBuildFile; fileRef = 03DF81F326A9F995005BB501 /* CardsScroll.swift */; };
		18DA758F8284C93ACA598C0F /* Pods_paprika.framework in Frameworks */ = {isa = PBXBuildFile; fileRef = 47BFB28C13677287D8EF9251 /* Pods_paprika.framework */; };
		2C83FB3E26B0D2AB0042BB71 /* CustomSearchBar.swift in Sources */ = {isa = PBXBuildFile; fileRef = 2C83FB3D26B0D2AB0042BB71 /* CustomSearchBar.swift */; };
		2C83FB4426B0E40A0042BB71 /* SearchRecipe.swift in Sources */ = {isa = PBXBuildFile; fileRef = 2C83FB4326B0E40A0042BB71 /* SearchRecipe.swift */; };
		89406A6226A1C7C2003829E4 /* RecipeStepsView.swift in Sources */ = {isa = PBXBuildFile; fileRef = 89406A6126A1C7C2003829E4 /* RecipeStepsView.swift */; };
		896122DB26A7123E00938B6E /* Albra Bold.otf in Resources */ = {isa = PBXBuildFile; fileRef = 896122CF26A7123D00938B6E /* Albra Bold.otf */; };
		896122DC26A7123E00938B6E /* Albra Semi.otf in Resources */ = {isa = PBXBuildFile; fileRef = 896122D026A7123E00938B6E /* Albra Semi.otf */; };
		896122DD26A7123E00938B6E /* Albra Text Black.otf in Resources */ = {isa = PBXBuildFile; fileRef = 896122D126A7123E00938B6E /* Albra Text Black.otf */; };
		896122DE26A7123E00938B6E /* Albra Text Bold.otf in Resources */ = {isa = PBXBuildFile; fileRef = 896122D226A7123E00938B6E /* Albra Text Bold.otf */; };
		896122DF26A7123E00938B6E /* Albra Text Medium.otf in Resources */ = {isa = PBXBuildFile; fileRef = 896122D326A7123E00938B6E /* Albra Text Medium.otf */; };
		896122E026A7123E00938B6E /* Albra Regular.otf in Resources */ = {isa = PBXBuildFile; fileRef = 896122D426A7123E00938B6E /* Albra Regular.otf */; };
		896122E126A7123E00938B6E /* Albra Black.otf in Resources */ = {isa = PBXBuildFile; fileRef = 896122D526A7123E00938B6E /* Albra Black.otf */; };
		896122E226A7123E00938B6E /* Albra Medium.otf in Resources */ = {isa = PBXBuildFile; fileRef = 896122D626A7123E00938B6E /* Albra Medium.otf */; };
		896122E326A7123E00938B6E /* Albra Light.otf in Resources */ = {isa = PBXBuildFile; fileRef = 896122D726A7123E00938B6E /* Albra Light.otf */; };
		896122E426A7123E00938B6E /* Albra Text Light.otf in Resources */ = {isa = PBXBuildFile; fileRef = 896122D826A7123E00938B6E /* Albra Text Light.otf */; };
		896122E526A7123E00938B6E /* Albra Text Regular.otf in Resources */ = {isa = PBXBuildFile; fileRef = 896122D926A7123E00938B6E /* Albra Text Regular.otf */; };
		896122E626A7123E00938B6E /* Albra Text Semi.otf in Resources */ = {isa = PBXBuildFile; fileRef = 896122DA26A7123E00938B6E /* Albra Text Semi.otf */; };
		896D7E9B26A0550C005CBCBA /* paprikaApp.swift in Sources */ = {isa = PBXBuildFile; fileRef = 896D7E9A26A0550C005CBCBA /* paprikaApp.swift */; };
		896D7E9F26A0550D005CBCBA /* Assets.xcassets in Resources */ = {isa = PBXBuildFile; fileRef = 896D7E9E26A0550D005CBCBA /* Assets.xcassets */; };
		896D7EA426A0550D005CBCBA /* Persistence.swift in Sources */ = {isa = PBXBuildFile; fileRef = 896D7EA326A0550D005CBCBA /* Persistence.swift */; };
		896D7EA726A0550D005CBCBA /* paprika.xcdatamodeld in Sources */ = {isa = PBXBuildFile; fileRef = 896D7EA526A0550D005CBCBA /* paprika.xcdatamodeld */; };
		896D7EB226A0550D005CBCBA /* paprikaTests.swift in Sources */ = {isa = PBXBuildFile; fileRef = 896D7EB126A0550D005CBCBA /* paprikaTests.swift */; };
		896D7EBD26A0550D005CBCBA /* paprikaUITests.swift in Sources */ = {isa = PBXBuildFile; fileRef = 896D7EBC26A0550D005CBCBA /* paprikaUITests.swift */; };
		896D7ED326A059FE005CBCBA /* Recipe.swift in Sources */ = {isa = PBXBuildFile; fileRef = 896D7ED226A059FE005CBCBA /* Recipe.swift */; };
		898C07EB26BC65E200374072 /* GridView.swift in Sources */ = {isa = PBXBuildFile; fileRef = 898C07EA26BC65E200374072 /* GridView.swift */; };
		899BD6C326A337B700E5119D /* RootView.swift in Sources */ = {isa = PBXBuildFile; fileRef = 899BD6C226A337B700E5119D /* RootView.swift */; };
		899BD6C526A3598D00E5119D /* RecipeStepsViewModel.swift in Sources */ = {isa = PBXBuildFile; fileRef = 899BD6C426A3598D00E5119D /* RecipeStepsViewModel.swift */; };
		89C9F91026A9A18500CA5B1D /* AppDataService.swift in Sources */ = {isa = PBXBuildFile; fileRef = 89C9F90F26A9A18500CA5B1D /* AppDataService.swift */; };
		89D7C64526A8396F00D138E8 /* RecipeView.swift in Sources */ = {isa = PBXBuildFile; fileRef = 89D7C64426A8396F00D138E8 /* RecipeView.swift */; };
		89F6F93E26A5A5380055D4B6 /* RecipesTest.json in Resources */ = {isa = PBXBuildFile; fileRef = 89F6F93D26A5A5380055D4B6 /* RecipesTest.json */; };
		AA59733AE8BEE44F5243572B /* Pods_paprikaTests.framework in Frameworks */ = {isa = PBXBuildFile; fileRef = 409B22D5003A6595D4699654 /* Pods_paprikaTests.framework */; };
		F8C1D8A3EB4D64700418467E /* Pods_paprika_paprikaUITests.framework in Frameworks */ = {isa = PBXBuildFile; fileRef = 87A269BCE61A1B0FC1A5DA04 /* Pods_paprika_paprikaUITests.framework */; };
/* End PBXBuildFile section */

/* Begin PBXContainerItemProxy section */
		896D7EAE26A0550D005CBCBA /* PBXContainerItemProxy */ = {
			isa = PBXContainerItemProxy;
			containerPortal = 896D7E8F26A0550C005CBCBA /* Project object */;
			proxyType = 1;
			remoteGlobalIDString = 896D7E9626A0550C005CBCBA;
			remoteInfo = paprika;
		};
		896D7EB926A0550D005CBCBA /* PBXContainerItemProxy */ = {
			isa = PBXContainerItemProxy;
			containerPortal = 896D7E8F26A0550C005CBCBA /* Project object */;
			proxyType = 1;
			remoteGlobalIDString = 896D7E9626A0550C005CBCBA;
			remoteInfo = paprika;
		};
/* End PBXContainerItemProxy section */

/* Begin PBXFileReference section */
		036889F026ACAF3C002B7052 /* Colors.swift */ = {isa = PBXFileReference; lastKnownFileType = sourcecode.swift; path = Colors.swift; sourceTree = "<group>"; wrapsLines = 0; };
		03998ECD26A99A83000E4AD5 /* Card.swift */ = {isa = PBXFileReference; lastKnownFileType = sourcecode.swift; path = Card.swift; sourceTree = "<group>"; };
		03998ED526A9BC4D000E4AD5 /* SF-Pro-Display-Light.otf */ = {isa = PBXFileReference; lastKnownFileType = file; path = "SF-Pro-Display-Light.otf"; sourceTree = "<group>"; };
		03998ED626A9BC4D000E4AD5 /* SF-Pro-Display-Black.otf */ = {isa = PBXFileReference; lastKnownFileType = file; path = "SF-Pro-Display-Black.otf"; sourceTree = "<group>"; };
		03998ED726A9BC4D000E4AD5 /* SF-Pro-Display-UltralightItalic.otf */ = {isa = PBXFileReference; lastKnownFileType = file; path = "SF-Pro-Display-UltralightItalic.otf"; sourceTree = "<group>"; };
		03998ED826A9BC4D000E4AD5 /* SF-Pro-Display-BlackItalic.otf */ = {isa = PBXFileReference; lastKnownFileType = file; path = "SF-Pro-Display-BlackItalic.otf"; sourceTree = "<group>"; };
		03998ED926A9BC4E000E4AD5 /* SF-Pro-Display-Bold.otf */ = {isa = PBXFileReference; lastKnownFileType = file; path = "SF-Pro-Display-Bold.otf"; sourceTree = "<group>"; };
		03998EDA26A9BC4E000E4AD5 /* SF-Pro-Display-LightItalic.otf */ = {isa = PBXFileReference; lastKnownFileType = file; path = "SF-Pro-Display-LightItalic.otf"; sourceTree = "<group>"; };
		03998EDB26A9BC4E000E4AD5 /* SF-Pro-Display-MediumItalic.otf */ = {isa = PBXFileReference; lastKnownFileType = file; path = "SF-Pro-Display-MediumItalic.otf"; sourceTree = "<group>"; };
		03998EDC26A9BC4E000E4AD5 /* SF-Pro-Display-ThinItalic.otf */ = {isa = PBXFileReference; lastKnownFileType = file; path = "SF-Pro-Display-ThinItalic.otf"; sourceTree = "<group>"; };
		03998EDD26A9BC4E000E4AD5 /* SF-Pro-Display-Regular.otf */ = {isa = PBXFileReference; lastKnownFileType = file; path = "SF-Pro-Display-Regular.otf"; sourceTree = "<group>"; };
		03998EDE26A9BC4E000E4AD5 /* SF-Pro-Display-Ultralight.otf */ = {isa = PBXFileReference; lastKnownFileType = file; path = "SF-Pro-Display-Ultralight.otf"; sourceTree = "<group>"; };
		03998EDF26A9BC4E000E4AD5 /* SF-Pro-Display-Thin.otf */ = {isa = PBXFileReference; lastKnownFileType = file; path = "SF-Pro-Display-Thin.otf"; sourceTree = "<group>"; };
		03998EE026A9BC4E000E4AD5 /* SF-Pro-Display-Semibold.otf */ = {isa = PBXFileReference; lastKnownFileType = file; path = "SF-Pro-Display-Semibold.otf"; sourceTree = "<group>"; };
		03998EE126A9BC4E000E4AD5 /* SF-Pro-Display-BoldItalic.otf */ = {isa = PBXFileReference; lastKnownFileType = file; path = "SF-Pro-Display-BoldItalic.otf"; sourceTree = "<group>"; };
		03998EE226A9BC4E000E4AD5 /* SF-Pro-Display-Heavy.otf */ = {isa = PBXFileReference; lastKnownFileType = file; path = "SF-Pro-Display-Heavy.otf"; sourceTree = "<group>"; };
		03998EE326A9BC4E000E4AD5 /* SF-Pro-Display-SemiboldItalic.otf */ = {isa = PBXFileReference; lastKnownFileType = file; path = "SF-Pro-Display-SemiboldItalic.otf"; sourceTree = "<group>"; };
		03998EE426A9BC4F000E4AD5 /* SF-Pro-Display-RegularItalic.otf */ = {isa = PBXFileReference; lastKnownFileType = file; path = "SF-Pro-Display-RegularItalic.otf"; sourceTree = "<group>"; };
		03998EE526A9BC4F000E4AD5 /* SF-Pro-Display-Medium.otf */ = {isa = PBXFileReference; lastKnownFileType = file; path = "SF-Pro-Display-Medium.otf"; sourceTree = "<group>"; };
		03998EE626A9BC4F000E4AD5 /* SF-Pro-Display-HeavyItalic.otf */ = {isa = PBXFileReference; lastKnownFileType = file; path = "SF-Pro-Display-HeavyItalic.otf"; sourceTree = "<group>"; };
		03BB911326BC30A100BB7F87 /* Favorites.swift */ = {isa = PBXFileReference; lastKnownFileType = sourcecode.swift; path = Favorites.swift; sourceTree = "<group>"; };
		03BB911526BC8AC300BB7F87 /* FavoritesView.swift */ = {isa = PBXFileReference; lastKnownFileType = sourcecode.swift; path = FavoritesView.swift; sourceTree = "<group>"; };
		03C2264126A8D4BD00485B18 /* HomeView.swift */ = {isa = PBXFileReference; lastKnownFileType = sourcecode.swift; path = HomeView.swift; sourceTree = "<group>"; };
		03C2264326A8D4E200485B18 /* SideBarView.swift */ = {isa = PBXFileReference; lastKnownFileType = sourcecode.swift; path = SideBarView.swift; sourceTree = "<group>"; };
		03DF81F326A9F995005BB501 /* CardsScroll.swift */ = {isa = PBXFileReference; lastKnownFileType = sourcecode.swift; path = CardsScroll.swift; sourceTree = "<group>"; };
		1821DAC7FD8C3C5359C33AC1 /* Pods-paprika-paprikaUITests.release.xcconfig */ = {isa = PBXFileReference; includeInIndex = 1; lastKnownFileType = text.xcconfig; name = "Pods-paprika-paprikaUITests.release.xcconfig"; path = "Target Support Files/Pods-paprika-paprikaUITests/Pods-paprika-paprikaUITests.release.xcconfig"; sourceTree = "<group>"; };
		231B644CA898F6D8823260E3 /* Pods-paprika.release.xcconfig */ = {isa = PBXFileReference; includeInIndex = 1; lastKnownFileType = text.xcconfig; name = "Pods-paprika.release.xcconfig"; path = "Target Support Files/Pods-paprika/Pods-paprika.release.xcconfig"; sourceTree = "<group>"; };
		2C83FB3D26B0D2AB0042BB71 /* CustomSearchBar.swift */ = {isa = PBXFileReference; lastKnownFileType = sourcecode.swift; path = CustomSearchBar.swift; sourceTree = "<group>"; };
		2C83FB4326B0E40A0042BB71 /* SearchRecipe.swift */ = {isa = PBXFileReference; lastKnownFileType = sourcecode.swift; path = SearchRecipe.swift; sourceTree = "<group>"; };
		30D098D79184387B590BDA8C /* Pods-paprikaTests.debug.xcconfig */ = {isa = PBXFileReference; includeInIndex = 1; lastKnownFileType = text.xcconfig; name = "Pods-paprikaTests.debug.xcconfig"; path = "Target Support Files/Pods-paprikaTests/Pods-paprikaTests.debug.xcconfig"; sourceTree = "<group>"; };
		409B22D5003A6595D4699654 /* Pods_paprikaTests.framework */ = {isa = PBXFileReference; explicitFileType = wrapper.framework; includeInIndex = 0; path = Pods_paprikaTests.framework; sourceTree = BUILT_PRODUCTS_DIR; };
		47BFB28C13677287D8EF9251 /* Pods_paprika.framework */ = {isa = PBXFileReference; explicitFileType = wrapper.framework; includeInIndex = 0; path = Pods_paprika.framework; sourceTree = BUILT_PRODUCTS_DIR; };
		678AB5D1FC6DFB42D4DDB9AD /* Pods-paprika.debug.xcconfig */ = {isa = PBXFileReference; includeInIndex = 1; lastKnownFileType = text.xcconfig; name = "Pods-paprika.debug.xcconfig"; path = "Target Support Files/Pods-paprika/Pods-paprika.debug.xcconfig"; sourceTree = "<group>"; };
		7A2553217925822744DEADE3 /* Pods-paprika-paprikaUITests.debug.xcconfig */ = {isa = PBXFileReference; includeInIndex = 1; lastKnownFileType = text.xcconfig; name = "Pods-paprika-paprikaUITests.debug.xcconfig"; path = "Target Support Files/Pods-paprika-paprikaUITests/Pods-paprika-paprikaUITests.debug.xcconfig"; sourceTree = "<group>"; };
		87A269BCE61A1B0FC1A5DA04 /* Pods_paprika_paprikaUITests.framework */ = {isa = PBXFileReference; explicitFileType = wrapper.framework; includeInIndex = 0; path = Pods_paprika_paprikaUITests.framework; sourceTree = BUILT_PRODUCTS_DIR; };
		89406A6126A1C7C2003829E4 /* RecipeStepsView.swift */ = {isa = PBXFileReference; lastKnownFileType = sourcecode.swift; path = RecipeStepsView.swift; sourceTree = "<group>"; };
		896122CF26A7123D00938B6E /* Albra Bold.otf */ = {isa = PBXFileReference; lastKnownFileType = file; path = "Albra Bold.otf"; sourceTree = "<group>"; };
		896122D026A7123E00938B6E /* Albra Semi.otf */ = {isa = PBXFileReference; lastKnownFileType = file; path = "Albra Semi.otf"; sourceTree = "<group>"; };
		896122D126A7123E00938B6E /* Albra Text Black.otf */ = {isa = PBXFileReference; lastKnownFileType = file; path = "Albra Text Black.otf"; sourceTree = "<group>"; };
		896122D226A7123E00938B6E /* Albra Text Bold.otf */ = {isa = PBXFileReference; lastKnownFileType = file; path = "Albra Text Bold.otf"; sourceTree = "<group>"; };
		896122D326A7123E00938B6E /* Albra Text Medium.otf */ = {isa = PBXFileReference; lastKnownFileType = file; path = "Albra Text Medium.otf"; sourceTree = "<group>"; };
		896122D426A7123E00938B6E /* Albra Regular.otf */ = {isa = PBXFileReference; lastKnownFileType = file; path = "Albra Regular.otf"; sourceTree = "<group>"; };
		896122D526A7123E00938B6E /* Albra Black.otf */ = {isa = PBXFileReference; lastKnownFileType = file; path = "Albra Black.otf"; sourceTree = "<group>"; };
		896122D626A7123E00938B6E /* Albra Medium.otf */ = {isa = PBXFileReference; lastKnownFileType = file; path = "Albra Medium.otf"; sourceTree = "<group>"; };
		896122D726A7123E00938B6E /* Albra Light.otf */ = {isa = PBXFileReference; lastKnownFileType = file; path = "Albra Light.otf"; sourceTree = "<group>"; };
		896122D826A7123E00938B6E /* Albra Text Light.otf */ = {isa = PBXFileReference; lastKnownFileType = file; path = "Albra Text Light.otf"; sourceTree = "<group>"; };
		896122D926A7123E00938B6E /* Albra Text Regular.otf */ = {isa = PBXFileReference; lastKnownFileType = file; path = "Albra Text Regular.otf"; sourceTree = "<group>"; };
		896122DA26A7123E00938B6E /* Albra Text Semi.otf */ = {isa = PBXFileReference; lastKnownFileType = file; path = "Albra Text Semi.otf"; sourceTree = "<group>"; };
		896D7E9726A0550C005CBCBA /* paprika.app */ = {isa = PBXFileReference; explicitFileType = wrapper.application; includeInIndex = 0; path = paprika.app; sourceTree = BUILT_PRODUCTS_DIR; };
		896D7E9A26A0550C005CBCBA /* paprikaApp.swift */ = {isa = PBXFileReference; lastKnownFileType = sourcecode.swift; path = paprikaApp.swift; sourceTree = "<group>"; };
		896D7E9E26A0550D005CBCBA /* Assets.xcassets */ = {isa = PBXFileReference; lastKnownFileType = folder.assetcatalog; path = Assets.xcassets; sourceTree = "<group>"; };
		896D7EA326A0550D005CBCBA /* Persistence.swift */ = {isa = PBXFileReference; lastKnownFileType = sourcecode.swift; path = Persistence.swift; sourceTree = "<group>"; };
		896D7EA626A0550D005CBCBA /* paprika.xcdatamodel */ = {isa = PBXFileReference; lastKnownFileType = wrapper.xcdatamodel; path = paprika.xcdatamodel; sourceTree = "<group>"; };
		896D7EA826A0550D005CBCBA /* Info.plist */ = {isa = PBXFileReference; lastKnownFileType = text.plist.xml; path = Info.plist; sourceTree = "<group>"; };
		896D7EAD26A0550D005CBCBA /* paprikaTests.xctest */ = {isa = PBXFileReference; explicitFileType = wrapper.cfbundle; includeInIndex = 0; path = paprikaTests.xctest; sourceTree = BUILT_PRODUCTS_DIR; };
		896D7EB126A0550D005CBCBA /* paprikaTests.swift */ = {isa = PBXFileReference; lastKnownFileType = sourcecode.swift; path = paprikaTests.swift; sourceTree = "<group>"; };
		896D7EB326A0550D005CBCBA /* Info.plist */ = {isa = PBXFileReference; lastKnownFileType = text.plist.xml; path = Info.plist; sourceTree = "<group>"; };
		896D7EB826A0550D005CBCBA /* paprikaUITests.xctest */ = {isa = PBXFileReference; explicitFileType = wrapper.cfbundle; includeInIndex = 0; path = paprikaUITests.xctest; sourceTree = BUILT_PRODUCTS_DIR; };
		896D7EBC26A0550D005CBCBA /* paprikaUITests.swift */ = {isa = PBXFileReference; lastKnownFileType = sourcecode.swift; path = paprikaUITests.swift; sourceTree = "<group>"; };
		896D7EBE26A0550D005CBCBA /* Info.plist */ = {isa = PBXFileReference; lastKnownFileType = text.plist.xml; path = Info.plist; sourceTree = "<group>"; };
		896D7ED226A059FE005CBCBA /* Recipe.swift */ = {isa = PBXFileReference; lastKnownFileType = sourcecode.swift; path = Recipe.swift; sourceTree = "<group>"; };
		898C07EA26BC65E200374072 /* GridView.swift */ = {isa = PBXFileReference; lastKnownFileType = sourcecode.swift; path = GridView.swift; sourceTree = "<group>"; };
		899BD6C226A337B700E5119D /* RootView.swift */ = {isa = PBXFileReference; lastKnownFileType = sourcecode.swift; path = RootView.swift; sourceTree = "<group>"; };
		899BD6C426A3598D00E5119D /* RecipeStepsViewModel.swift */ = {isa = PBXFileReference; lastKnownFileType = sourcecode.swift; path = RecipeStepsViewModel.swift; sourceTree = "<group>"; };
		89C9F90F26A9A18500CA5B1D /* AppDataService.swift */ = {isa = PBXFileReference; lastKnownFileType = sourcecode.swift; path = AppDataService.swift; sourceTree = "<group>"; };
		89D7C64426A8396F00D138E8 /* RecipeView.swift */ = {isa = PBXFileReference; lastKnownFileType = sourcecode.swift; path = RecipeView.swift; sourceTree = "<group>"; };
		89F6F93D26A5A5380055D4B6 /* RecipesTest.json */ = {isa = PBXFileReference; fileEncoding = 4; lastKnownFileType = text.json; path = RecipesTest.json; sourceTree = "<group>"; };
		D82B4B8A660D57A0B1FD3E93 /* Pods-paprikaTests.release.xcconfig */ = {isa = PBXFileReference; includeInIndex = 1; lastKnownFileType = text.xcconfig; name = "Pods-paprikaTests.release.xcconfig"; path = "Target Support Files/Pods-paprikaTests/Pods-paprikaTests.release.xcconfig"; sourceTree = "<group>"; };
/* End PBXFileReference section */

/* Begin PBXFrameworksBuildPhase section */
		896D7E9426A0550C005CBCBA /* Frameworks */ = {
			isa = PBXFrameworksBuildPhase;
			buildActionMask = 2147483647;
			files = (
				18DA758F8284C93ACA598C0F /* Pods_paprika.framework in Frameworks */,
			);
			runOnlyForDeploymentPostprocessing = 0;
		};
		896D7EAA26A0550D005CBCBA /* Frameworks */ = {
			isa = PBXFrameworksBuildPhase;
			buildActionMask = 2147483647;
			files = (
				AA59733AE8BEE44F5243572B /* Pods_paprikaTests.framework in Frameworks */,
			);
			runOnlyForDeploymentPostprocessing = 0;
		};
		896D7EB526A0550D005CBCBA /* Frameworks */ = {
			isa = PBXFrameworksBuildPhase;
			buildActionMask = 2147483647;
			files = (
				F8C1D8A3EB4D64700418467E /* Pods_paprika_paprikaUITests.framework in Frameworks */,
			);
			runOnlyForDeploymentPostprocessing = 0;
		};
/* End PBXFrameworksBuildPhase section */

/* Begin PBXGroup section */
		03998ED026A9AF68000E4AD5 /* Components */ = {
			isa = PBXGroup;
			children = (
				03998ECD26A99A83000E4AD5 /* Card.swift */,
				03DF81F326A9F995005BB501 /* CardsScroll.swift */,
			);
			path = Components;
			sourceTree = "<group>";
		};
		03998ED326A9BBD7000E4AD5 /* Albra */ = {
			isa = PBXGroup;
			children = (
				896122D526A7123E00938B6E /* Albra Black.otf */,
				896122CF26A7123D00938B6E /* Albra Bold.otf */,
				896122D726A7123E00938B6E /* Albra Light.otf */,
				896122D626A7123E00938B6E /* Albra Medium.otf */,
				896122D426A7123E00938B6E /* Albra Regular.otf */,
				896122D026A7123E00938B6E /* Albra Semi.otf */,
				896122D126A7123E00938B6E /* Albra Text Black.otf */,
				896122D226A7123E00938B6E /* Albra Text Bold.otf */,
				896122D826A7123E00938B6E /* Albra Text Light.otf */,
				896122D326A7123E00938B6E /* Albra Text Medium.otf */,
				896122D926A7123E00938B6E /* Albra Text Regular.otf */,
				896122DA26A7123E00938B6E /* Albra Text Semi.otf */,
			);
			path = Albra;
			sourceTree = "<group>";
		};
		03998ED426A9BBEA000E4AD5 /* SF Pro Display */ = {
			isa = PBXGroup;
			children = (
				03998ED626A9BC4D000E4AD5 /* SF-Pro-Display-Black.otf */,
				03998ED826A9BC4D000E4AD5 /* SF-Pro-Display-BlackItalic.otf */,
				03998ED926A9BC4E000E4AD5 /* SF-Pro-Display-Bold.otf */,
				03998EE126A9BC4E000E4AD5 /* SF-Pro-Display-BoldItalic.otf */,
				03998EE226A9BC4E000E4AD5 /* SF-Pro-Display-Heavy.otf */,
				03998EE626A9BC4F000E4AD5 /* SF-Pro-Display-HeavyItalic.otf */,
				03998ED526A9BC4D000E4AD5 /* SF-Pro-Display-Light.otf */,
				03998EDA26A9BC4E000E4AD5 /* SF-Pro-Display-LightItalic.otf */,
				03998EE526A9BC4F000E4AD5 /* SF-Pro-Display-Medium.otf */,
				03998EDB26A9BC4E000E4AD5 /* SF-Pro-Display-MediumItalic.otf */,
				03998EDD26A9BC4E000E4AD5 /* SF-Pro-Display-Regular.otf */,
				03998EE426A9BC4F000E4AD5 /* SF-Pro-Display-RegularItalic.otf */,
				03998EE026A9BC4E000E4AD5 /* SF-Pro-Display-Semibold.otf */,
				03998EE326A9BC4E000E4AD5 /* SF-Pro-Display-SemiboldItalic.otf */,
				03998EDF26A9BC4E000E4AD5 /* SF-Pro-Display-Thin.otf */,
				03998EDC26A9BC4E000E4AD5 /* SF-Pro-Display-ThinItalic.otf */,
				03998EDE26A9BC4E000E4AD5 /* SF-Pro-Display-Ultralight.otf */,
				03998ED726A9BC4D000E4AD5 /* SF-Pro-Display-UltralightItalic.otf */,
			);
			path = "SF Pro Display";
			sourceTree = "<group>";
		};
		5F1AFAB2099DB4B61F7D8FE7 /* Frameworks */ = {
			isa = PBXGroup;
			children = (
				47BFB28C13677287D8EF9251 /* Pods_paprika.framework */,
				87A269BCE61A1B0FC1A5DA04 /* Pods_paprika_paprikaUITests.framework */,
				409B22D5003A6595D4699654 /* Pods_paprikaTests.framework */,
			);
			name = Frameworks;
			sourceTree = "<group>";
		};
		896122CE26A7122100938B6E /* Fonts */ = {
			isa = PBXGroup;
			children = (
				03998ED426A9BBEA000E4AD5 /* SF Pro Display */,
				03998ED326A9BBD7000E4AD5 /* Albra */,
			);
			path = Fonts;
			sourceTree = "<group>";
		};
		896D7E8E26A0550C005CBCBA = {
			isa = PBXGroup;
			children = (
				896D7E9926A0550C005CBCBA /* paprika */,
				896D7EB026A0550D005CBCBA /* paprikaTests */,
				896D7EBB26A0550D005CBCBA /* paprikaUITests */,
				896D7E9826A0550C005CBCBA /* Products */,
				8CBEC0830CE7C82DE152176E /* Pods */,
				5F1AFAB2099DB4B61F7D8FE7 /* Frameworks */,
			);
			sourceTree = "<group>";
		};
		896D7E9826A0550C005CBCBA /* Products */ = {
			isa = PBXGroup;
			children = (
				896D7E9726A0550C005CBCBA /* paprika.app */,
				896D7EAD26A0550D005CBCBA /* paprikaTests.xctest */,
				896D7EB826A0550D005CBCBA /* paprikaUITests.xctest */,
			);
			name = Products;
			sourceTree = "<group>";
		};
		896D7E9926A0550C005CBCBA /* paprika */ = {
			isa = PBXGroup;
			children = (
				896D7EA826A0550D005CBCBA /* Info.plist */,
				896D7E9E26A0550D005CBCBA /* Assets.xcassets */,
				896D7E9A26A0550C005CBCBA /* paprikaApp.swift */,
				896D7ECE26A057D9005CBCBA /* Models */,
				896D7ECD26A057D4005CBCBA /* Views */,
				036889F026ACAF3C002B7052 /* Colors.swift */,
				03998ED026A9AF68000E4AD5 /* Components */,
				896D7ECF26A057EE005CBCBA /* View Models */,
				896122CE26A7122100938B6E /* Fonts */,
			);
			path = paprika;
			sourceTree = "<group>";
		};
		896D7EB026A0550D005CBCBA /* paprikaTests */ = {
			isa = PBXGroup;
			children = (
				896D7EB126A0550D005CBCBA /* paprikaTests.swift */,
				896D7EB326A0550D005CBCBA /* Info.plist */,
			);
			path = paprikaTests;
			sourceTree = "<group>";
		};
		896D7EBB26A0550D005CBCBA /* paprikaUITests */ = {
			isa = PBXGroup;
			children = (
				896D7EBC26A0550D005CBCBA /* paprikaUITests.swift */,
				896D7EBE26A0550D005CBCBA /* Info.plist */,
			);
			path = paprikaUITests;
			sourceTree = "<group>";
		};
		896D7ECD26A057D4005CBCBA /* Views */ = {
			isa = PBXGroup;
			children = (
				899BD6C226A337B700E5119D /* RootView.swift */,
				03C2264326A8D4E200485B18 /* SideBarView.swift */,
				03C2264126A8D4BD00485B18 /* HomeView.swift */,
				89D7C64426A8396F00D138E8 /* RecipeView.swift */,
				89406A6126A1C7C2003829E4 /* RecipeStepsView.swift */,
				2C83FB3D26B0D2AB0042BB71 /* CustomSearchBar.swift */,
				898C07EA26BC65E200374072 /* GridView.swift */,
				03BB911526BC8AC300BB7F87 /* FavoritesView.swift */,
			);
			path = Views;
			sourceTree = "<group>";
		};
		896D7ECE26A057D9005CBCBA /* Models */ = {
			isa = PBXGroup;
			children = (
				896D7EA326A0550D005CBCBA /* Persistence.swift */,
				896D7EA526A0550D005CBCBA /* paprika.xcdatamodeld */,
				896D7ED226A059FE005CBCBA /* Recipe.swift */,
				89F6F93D26A5A5380055D4B6 /* RecipesTest.json */,
				89C9F90F26A9A18500CA5B1D /* AppDataService.swift */,
				03BB911326BC30A100BB7F87 /* Favorites.swift */,
			);
			path = Models;
			sourceTree = "<group>";
		};
		896D7ECF26A057EE005CBCBA /* View Models */ = {
			isa = PBXGroup;
			children = (
				899BD6C426A3598D00E5119D /* RecipeStepsViewModel.swift */,
				2C83FB4326B0E40A0042BB71 /* SearchRecipe.swift */,
			);
			path = "View Models";
			sourceTree = "<group>";
		};
		8CBEC0830CE7C82DE152176E /* Pods */ = {
			isa = PBXGroup;
			children = (
				678AB5D1FC6DFB42D4DDB9AD /* Pods-paprika.debug.xcconfig */,
				231B644CA898F6D8823260E3 /* Pods-paprika.release.xcconfig */,
				7A2553217925822744DEADE3 /* Pods-paprika-paprikaUITests.debug.xcconfig */,
				1821DAC7FD8C3C5359C33AC1 /* Pods-paprika-paprikaUITests.release.xcconfig */,
				30D098D79184387B590BDA8C /* Pods-paprikaTests.debug.xcconfig */,
				D82B4B8A660D57A0B1FD3E93 /* Pods-paprikaTests.release.xcconfig */,
			);
			path = Pods;
			sourceTree = "<group>";
		};
/* End PBXGroup section */

/* Begin PBXNativeTarget section */
		896D7E9626A0550C005CBCBA /* paprika */ = {
			isa = PBXNativeTarget;
			buildConfigurationList = 896D7EC126A0550D005CBCBA /* Build configuration list for PBXNativeTarget "paprika" */;
			buildPhases = (
				28A269C382D9C07AAB938761 /* [CP] Check Pods Manifest.lock */,
				896D7E9326A0550C005CBCBA /* Sources */,
				896D7E9426A0550C005CBCBA /* Frameworks */,
				896D7E9526A0550C005CBCBA /* Resources */,
				E6F0B9AEC9948D51A64C6B73 /* [CP] Embed Pods Frameworks */,
			);
			buildRules = (
			);
			dependencies = (
			);
			name = paprika;
			productName = paprika;
			productReference = 896D7E9726A0550C005CBCBA /* paprika.app */;
			productType = "com.apple.product-type.application";
		};
		896D7EAC26A0550D005CBCBA /* paprikaTests */ = {
			isa = PBXNativeTarget;
			buildConfigurationList = 896D7EC426A0550D005CBCBA /* Build configuration list for PBXNativeTarget "paprikaTests" */;
			buildPhases = (
				1A81E3A54AD9579B74661E3B /* [CP] Check Pods Manifest.lock */,
				896D7EA926A0550D005CBCBA /* Sources */,
				896D7EAA26A0550D005CBCBA /* Frameworks */,
				896D7EAB26A0550D005CBCBA /* Resources */,
			);
			buildRules = (
			);
			dependencies = (
				896D7EAF26A0550D005CBCBA /* PBXTargetDependency */,
			);
			name = paprikaTests;
			productName = paprikaTests;
			productReference = 896D7EAD26A0550D005CBCBA /* paprikaTests.xctest */;
			productType = "com.apple.product-type.bundle.unit-test";
		};
		896D7EB726A0550D005CBCBA /* paprikaUITests */ = {
			isa = PBXNativeTarget;
			buildConfigurationList = 896D7EC726A0550D005CBCBA /* Build configuration list for PBXNativeTarget "paprikaUITests" */;
			buildPhases = (
				488872E6577D56E7C448F37D /* [CP] Check Pods Manifest.lock */,
				896D7EB426A0550D005CBCBA /* Sources */,
				896D7EB526A0550D005CBCBA /* Frameworks */,
				896D7EB626A0550D005CBCBA /* Resources */,
				8DFA963D563711F4127C95BB /* [CP] Embed Pods Frameworks */,
			);
			buildRules = (
			);
			dependencies = (
				896D7EBA26A0550D005CBCBA /* PBXTargetDependency */,
			);
			name = paprikaUITests;
			productName = paprikaUITests;
			productReference = 896D7EB826A0550D005CBCBA /* paprikaUITests.xctest */;
			productType = "com.apple.product-type.bundle.ui-testing";
		};
/* End PBXNativeTarget section */

/* Begin PBXProject section */
		896D7E8F26A0550C005CBCBA /* Project object */ = {
			isa = PBXProject;
			attributes = {
				LastSwiftUpdateCheck = 1250;
				LastUpgradeCheck = 1250;
				TargetAttributes = {
					896D7E9626A0550C005CBCBA = {
						CreatedOnToolsVersion = 12.5.1;
					};
					896D7EAC26A0550D005CBCBA = {
						CreatedOnToolsVersion = 12.5.1;
						TestTargetID = 896D7E9626A0550C005CBCBA;
					};
					896D7EB726A0550D005CBCBA = {
						CreatedOnToolsVersion = 12.5.1;
						TestTargetID = 896D7E9626A0550C005CBCBA;
					};
				};
			};
			buildConfigurationList = 896D7E9226A0550C005CBCBA /* Build configuration list for PBXProject "paprika" */;
			compatibilityVersion = "Xcode 9.3";
			developmentRegion = en;
			hasScannedForEncodings = 0;
			knownRegions = (
				en,
				Base,
			);
			mainGroup = 896D7E8E26A0550C005CBCBA;
			productRefGroup = 896D7E9826A0550C005CBCBA /* Products */;
			projectDirPath = "";
			projectRoot = "";
			targets = (
				896D7E9626A0550C005CBCBA /* paprika */,
				896D7EAC26A0550D005CBCBA /* paprikaTests */,
				896D7EB726A0550D005CBCBA /* paprikaUITests */,
			);
		};
/* End PBXProject section */

/* Begin PBXResourcesBuildPhase section */
		896D7E9526A0550C005CBCBA /* Resources */ = {
			isa = PBXResourcesBuildPhase;
			buildActionMask = 2147483647;
			files = (
				03998EF526A9BC4F000E4AD5 /* SF-Pro-Display-SemiboldItalic.otf in Resources */,
				03998EF226A9BC4F000E4AD5 /* SF-Pro-Display-Semibold.otf in Resources */,
				896122E326A7123E00938B6E /* Albra Light.otf in Resources */,
				03998EE726A9BC4F000E4AD5 /* SF-Pro-Display-Light.otf in Resources */,
				03998EEC26A9BC4F000E4AD5 /* SF-Pro-Display-LightItalic.otf in Resources */,
				03998EF026A9BC4F000E4AD5 /* SF-Pro-Display-Ultralight.otf in Resources */,
				89F6F93E26A5A5380055D4B6 /* RecipesTest.json in Resources */,
				03998EEF26A9BC4F000E4AD5 /* SF-Pro-Display-Regular.otf in Resources */,
				03998EF626A9BC4F000E4AD5 /* SF-Pro-Display-RegularItalic.otf in Resources */,
				03998EED26A9BC4F000E4AD5 /* SF-Pro-Display-MediumItalic.otf in Resources */,
				03998EE826A9BC4F000E4AD5 /* SF-Pro-Display-Black.otf in Resources */,
				896122E526A7123E00938B6E /* Albra Text Regular.otf in Resources */,
				03998EEB26A9BC4F000E4AD5 /* SF-Pro-Display-Bold.otf in Resources */,
				03998EF126A9BC4F000E4AD5 /* SF-Pro-Display-Thin.otf in Resources */,
				896122E626A7123E00938B6E /* Albra Text Semi.otf in Resources */,
				03998EF826A9BC4F000E4AD5 /* SF-Pro-Display-HeavyItalic.otf in Resources */,
				896122DC26A7123E00938B6E /* Albra Semi.otf in Resources */,
				896122DF26A7123E00938B6E /* Albra Text Medium.otf in Resources */,
				896122DB26A7123E00938B6E /* Albra Bold.otf in Resources */,
				896122E026A7123E00938B6E /* Albra Regular.otf in Resources */,
				896122E426A7123E00938B6E /* Albra Text Light.otf in Resources */,
				03998EF326A9BC4F000E4AD5 /* SF-Pro-Display-BoldItalic.otf in Resources */,
				896122DD26A7123E00938B6E /* Albra Text Black.otf in Resources */,
				896122E126A7123E00938B6E /* Albra Black.otf in Resources */,
				03998EEA26A9BC4F000E4AD5 /* SF-Pro-Display-BlackItalic.otf in Resources */,
				896122DE26A7123E00938B6E /* Albra Text Bold.otf in Resources */,
				03998EF426A9BC4F000E4AD5 /* SF-Pro-Display-Heavy.otf in Resources */,
				03998EE926A9BC4F000E4AD5 /* SF-Pro-Display-UltralightItalic.otf in Resources */,
				03998EF726A9BC4F000E4AD5 /* SF-Pro-Display-Medium.otf in Resources */,
				896122E226A7123E00938B6E /* Albra Medium.otf in Resources */,
				03998EEE26A9BC4F000E4AD5 /* SF-Pro-Display-ThinItalic.otf in Resources */,
				896D7E9F26A0550D005CBCBA /* Assets.xcassets in Resources */,
			);
			runOnlyForDeploymentPostprocessing = 0;
		};
		896D7EAB26A0550D005CBCBA /* Resources */ = {
			isa = PBXResourcesBuildPhase;
			buildActionMask = 2147483647;
			files = (
			);
			runOnlyForDeploymentPostprocessing = 0;
		};
		896D7EB626A0550D005CBCBA /* Resources */ = {
			isa = PBXResourcesBuildPhase;
			buildActionMask = 2147483647;
			files = (
			);
			runOnlyForDeploymentPostprocessing = 0;
		};
/* End PBXResourcesBuildPhase section */

/* Begin PBXShellScriptBuildPhase section */
		1A81E3A54AD9579B74661E3B /* [CP] Check Pods Manifest.lock */ = {
			isa = PBXShellScriptBuildPhase;
			buildActionMask = 2147483647;
			files = (
			);
			inputFileListPaths = (
			);
			inputPaths = (
				"${PODS_PODFILE_DIR_PATH}/Podfile.lock",
				"${PODS_ROOT}/Manifest.lock",
			);
			name = "[CP] Check Pods Manifest.lock";
			outputFileListPaths = (
			);
			outputPaths = (
				"$(DERIVED_FILE_DIR)/Pods-paprikaTests-checkManifestLockResult.txt",
			);
			runOnlyForDeploymentPostprocessing = 0;
			shellPath = /bin/sh;
			shellScript = "diff \"${PODS_PODFILE_DIR_PATH}/Podfile.lock\" \"${PODS_ROOT}/Manifest.lock\" > /dev/null\nif [ $? != 0 ] ; then\n    # print error to STDERR\n    echo \"error: The sandbox is not in sync with the Podfile.lock. Run 'pod install' or update your CocoaPods installation.\" >&2\n    exit 1\nfi\n# This output is used by Xcode 'outputs' to avoid re-running this script phase.\necho \"SUCCESS\" > \"${SCRIPT_OUTPUT_FILE_0}\"\n";
			showEnvVarsInLog = 0;
		};
		28A269C382D9C07AAB938761 /* [CP] Check Pods Manifest.lock */ = {
			isa = PBXShellScriptBuildPhase;
			buildActionMask = 2147483647;
			files = (
			);
			inputFileListPaths = (
			);
			inputPaths = (
				"${PODS_PODFILE_DIR_PATH}/Podfile.lock",
				"${PODS_ROOT}/Manifest.lock",
			);
			name = "[CP] Check Pods Manifest.lock";
			outputFileListPaths = (
			);
			outputPaths = (
				"$(DERIVED_FILE_DIR)/Pods-paprika-checkManifestLockResult.txt",
			);
			runOnlyForDeploymentPostprocessing = 0;
			shellPath = /bin/sh;
			shellScript = "diff \"${PODS_PODFILE_DIR_PATH}/Podfile.lock\" \"${PODS_ROOT}/Manifest.lock\" > /dev/null\nif [ $? != 0 ] ; then\n    # print error to STDERR\n    echo \"error: The sandbox is not in sync with the Podfile.lock. Run 'pod install' or update your CocoaPods installation.\" >&2\n    exit 1\nfi\n# This output is used by Xcode 'outputs' to avoid re-running this script phase.\necho \"SUCCESS\" > \"${SCRIPT_OUTPUT_FILE_0}\"\n";
			showEnvVarsInLog = 0;
		};
		488872E6577D56E7C448F37D /* [CP] Check Pods Manifest.lock */ = {
			isa = PBXShellScriptBuildPhase;
			buildActionMask = 2147483647;
			files = (
			);
			inputFileListPaths = (
			);
			inputPaths = (
				"${PODS_PODFILE_DIR_PATH}/Podfile.lock",
				"${PODS_ROOT}/Manifest.lock",
			);
			name = "[CP] Check Pods Manifest.lock";
			outputFileListPaths = (
			);
			outputPaths = (
				"$(DERIVED_FILE_DIR)/Pods-paprika-paprikaUITests-checkManifestLockResult.txt",
			);
			runOnlyForDeploymentPostprocessing = 0;
			shellPath = /bin/sh;
			shellScript = "diff \"${PODS_PODFILE_DIR_PATH}/Podfile.lock\" \"${PODS_ROOT}/Manifest.lock\" > /dev/null\nif [ $? != 0 ] ; then\n    # print error to STDERR\n    echo \"error: The sandbox is not in sync with the Podfile.lock. Run 'pod install' or update your CocoaPods installation.\" >&2\n    exit 1\nfi\n# This output is used by Xcode 'outputs' to avoid re-running this script phase.\necho \"SUCCESS\" > \"${SCRIPT_OUTPUT_FILE_0}\"\n";
			showEnvVarsInLog = 0;
		};
		8DFA963D563711F4127C95BB /* [CP] Embed Pods Frameworks */ = {
			isa = PBXShellScriptBuildPhase;
			buildActionMask = 2147483647;
			files = (
			);
			inputFileListPaths = (
				"${PODS_ROOT}/Target Support Files/Pods-paprika-paprikaUITests/Pods-paprika-paprikaUITests-frameworks-${CONFIGURATION}-input-files.xcfilelist",
			);
			name = "[CP] Embed Pods Frameworks";
			outputFileListPaths = (
				"${PODS_ROOT}/Target Support Files/Pods-paprika-paprikaUITests/Pods-paprika-paprikaUITests-frameworks-${CONFIGURATION}-output-files.xcfilelist",
			);
			runOnlyForDeploymentPostprocessing = 0;
			shellPath = /bin/sh;
			shellScript = "\"${PODS_ROOT}/Target Support Files/Pods-paprika-paprikaUITests/Pods-paprika-paprikaUITests-frameworks.sh\"\n";
			showEnvVarsInLog = 0;
		};
		E6F0B9AEC9948D51A64C6B73 /* [CP] Embed Pods Frameworks */ = {
			isa = PBXShellScriptBuildPhase;
			buildActionMask = 2147483647;
			files = (
			);
			inputFileListPaths = (
				"${PODS_ROOT}/Target Support Files/Pods-paprika/Pods-paprika-frameworks-${CONFIGURATION}-input-files.xcfilelist",
			);
			name = "[CP] Embed Pods Frameworks";
			outputFileListPaths = (
				"${PODS_ROOT}/Target Support Files/Pods-paprika/Pods-paprika-frameworks-${CONFIGURATION}-output-files.xcfilelist",
			);
			runOnlyForDeploymentPostprocessing = 0;
			shellPath = /bin/sh;
			shellScript = "\"${PODS_ROOT}/Target Support Files/Pods-paprika/Pods-paprika-frameworks.sh\"\n";
			showEnvVarsInLog = 0;
		};
/* End PBXShellScriptBuildPhase section */

/* Begin PBXSourcesBuildPhase section */
		896D7E9326A0550C005CBCBA /* Sources */ = {
			isa = PBXSourcesBuildPhase;
			buildActionMask = 2147483647;
			files = (
				89C9F91026A9A18500CA5B1D /* AppDataService.swift in Sources */,
				896D7EA726A0550D005CBCBA /* paprika.xcdatamodeld in Sources */,
				899BD6C526A3598D00E5119D /* RecipeStepsViewModel.swift in Sources */,
				036889F126ACAF3C002B7052 /* Colors.swift in Sources */,
				896D7EA426A0550D005CBCBA /* Persistence.swift in Sources */,
				2C83FB4426B0E40A0042BB71 /* SearchRecipe.swift in Sources */,
				2C83FB3E26B0D2AB0042BB71 /* CustomSearchBar.swift in Sources */,
				03C2264426A8D4E200485B18 /* SideBarView.swift in Sources */,
				03DF81F426A9F995005BB501 /* CardsScroll.swift in Sources */,
				03998ECE26A99A83000E4AD5 /* Card.swift in Sources */,
				898C07EB26BC65E200374072 /* GridView.swift in Sources */,
				89406A6226A1C7C2003829E4 /* RecipeStepsView.swift in Sources */,
				899BD6C326A337B700E5119D /* RootView.swift in Sources */,
				03C2264226A8D4BD00485B18 /* HomeView.swift in Sources */,
				896D7E9B26A0550C005CBCBA /* paprikaApp.swift in Sources */,
				03BB911426BC30A100BB7F87 /* Favorites.swift in Sources */,
				89D7C64526A8396F00D138E8 /* RecipeView.swift in Sources */,
				896D7ED326A059FE005CBCBA /* Recipe.swift in Sources */,
				03BB911626BC8AC300BB7F87 /* FavoritesView.swift in Sources */,
			);
			runOnlyForDeploymentPostprocessing = 0;
		};
		896D7EA926A0550D005CBCBA /* Sources */ = {
			isa = PBXSourcesBuildPhase;
			buildActionMask = 2147483647;
			files = (
				896D7EB226A0550D005CBCBA /* paprikaTests.swift in Sources */,
			);
			runOnlyForDeploymentPostprocessing = 0;
		};
		896D7EB426A0550D005CBCBA /* Sources */ = {
			isa = PBXSourcesBuildPhase;
			buildActionMask = 2147483647;
			files = (
				896D7EBD26A0550D005CBCBA /* paprikaUITests.swift in Sources */,
			);
			runOnlyForDeploymentPostprocessing = 0;
		};
/* End PBXSourcesBuildPhase section */

/* Begin PBXTargetDependency section */
		896D7EAF26A0550D005CBCBA /* PBXTargetDependency */ = {
			isa = PBXTargetDependency;
			target = 896D7E9626A0550C005CBCBA /* paprika */;
			targetProxy = 896D7EAE26A0550D005CBCBA /* PBXContainerItemProxy */;
		};
		896D7EBA26A0550D005CBCBA /* PBXTargetDependency */ = {
			isa = PBXTargetDependency;
			target = 896D7E9626A0550C005CBCBA /* paprika */;
			targetProxy = 896D7EB926A0550D005CBCBA /* PBXContainerItemProxy */;
		};
/* End PBXTargetDependency section */

/* Begin XCBuildConfiguration section */
		896D7EBF26A0550D005CBCBA /* Debug */ = {
			isa = XCBuildConfiguration;
			buildSettings = {
				ALWAYS_SEARCH_USER_PATHS = NO;
				CLANG_ANALYZER_NONNULL = YES;
				CLANG_ANALYZER_NUMBER_OBJECT_CONVERSION = YES_AGGRESSIVE;
				CLANG_CXX_LANGUAGE_STANDARD = "gnu++14";
				CLANG_CXX_LIBRARY = "compiler-default";
				CLANG_ENABLE_MODULES = YES;
				CLANG_ENABLE_OBJC_ARC = YES;
				CLANG_ENABLE_OBJC_WEAK = YES;
				CLANG_WARN_BLOCK_CAPTURE_AUTORELEASING = YES;
				CLANG_WARN_BOOL_CONVERSION = YES;
				CLANG_WARN_COMMA = YES;
				CLANG_WARN_CONSTANT_CONVERSION = YES;
				CLANG_WARN_DEPRECATED_OBJC_IMPLEMENTATIONS = YES;
				CLANG_WARN_DIRECT_OBJC_ISA_USAGE = YES_ERROR;
				CLANG_WARN_DOCUMENTATION_COMMENTS = YES;
				CLANG_WARN_EMPTY_BODY = YES;
				CLANG_WARN_ENUM_CONVERSION = YES;
				CLANG_WARN_INFINITE_RECURSION = YES;
				CLANG_WARN_INT_CONVERSION = YES;
				CLANG_WARN_NON_LITERAL_NULL_CONVERSION = YES;
				CLANG_WARN_OBJC_IMPLICIT_RETAIN_SELF = YES;
				CLANG_WARN_OBJC_LITERAL_CONVERSION = YES;
				CLANG_WARN_OBJC_ROOT_CLASS = YES_ERROR;
				CLANG_WARN_QUOTED_INCLUDE_IN_FRAMEWORK_HEADER = YES;
				CLANG_WARN_RANGE_LOOP_ANALYSIS = YES;
				CLANG_WARN_STRICT_PROTOTYPES = YES;
				CLANG_WARN_SUSPICIOUS_MOVE = YES;
				CLANG_WARN_UNGUARDED_AVAILABILITY = YES_AGGRESSIVE;
				CLANG_WARN_UNREACHABLE_CODE = YES;
				CLANG_WARN__DUPLICATE_METHOD_MATCH = YES;
				COPY_PHASE_STRIP = NO;
				DEBUG_INFORMATION_FORMAT = dwarf;
				ENABLE_STRICT_OBJC_MSGSEND = YES;
				ENABLE_TESTABILITY = YES;
				GCC_C_LANGUAGE_STANDARD = gnu11;
				GCC_DYNAMIC_NO_PIC = NO;
				GCC_NO_COMMON_BLOCKS = YES;
				GCC_OPTIMIZATION_LEVEL = 0;
				GCC_PREPROCESSOR_DEFINITIONS = (
					"DEBUG=1",
					"$(inherited)",
				);
				GCC_WARN_64_TO_32_BIT_CONVERSION = YES;
				GCC_WARN_ABOUT_RETURN_TYPE = YES_ERROR;
				GCC_WARN_UNDECLARED_SELECTOR = YES;
				GCC_WARN_UNINITIALIZED_AUTOS = YES_AGGRESSIVE;
				GCC_WARN_UNUSED_FUNCTION = YES;
				GCC_WARN_UNUSED_VARIABLE = YES;
				IPHONEOS_DEPLOYMENT_TARGET = 14.5;
				MTL_ENABLE_DEBUG_INFO = INCLUDE_SOURCE;
				MTL_FAST_MATH = YES;
				ONLY_ACTIVE_ARCH = YES;
				SDKROOT = iphoneos;
				SWIFT_ACTIVE_COMPILATION_CONDITIONS = DEBUG;
				SWIFT_OPTIMIZATION_LEVEL = "-Onone";
			};
			name = Debug;
		};
		896D7EC026A0550D005CBCBA /* Release */ = {
			isa = XCBuildConfiguration;
			buildSettings = {
				ALWAYS_SEARCH_USER_PATHS = NO;
				CLANG_ANALYZER_NONNULL = YES;
				CLANG_ANALYZER_NUMBER_OBJECT_CONVERSION = YES_AGGRESSIVE;
				CLANG_CXX_LANGUAGE_STANDARD = "gnu++14";
				CLANG_CXX_LIBRARY = "compiler-default";
				CLANG_ENABLE_MODULES = YES;
				CLANG_ENABLE_OBJC_ARC = YES;
				CLANG_ENABLE_OBJC_WEAK = YES;
				CLANG_WARN_BLOCK_CAPTURE_AUTORELEASING = YES;
				CLANG_WARN_BOOL_CONVERSION = YES;
				CLANG_WARN_COMMA = YES;
				CLANG_WARN_CONSTANT_CONVERSION = YES;
				CLANG_WARN_DEPRECATED_OBJC_IMPLEMENTATIONS = YES;
				CLANG_WARN_DIRECT_OBJC_ISA_USAGE = YES_ERROR;
				CLANG_WARN_DOCUMENTATION_COMMENTS = YES;
				CLANG_WARN_EMPTY_BODY = YES;
				CLANG_WARN_ENUM_CONVERSION = YES;
				CLANG_WARN_INFINITE_RECURSION = YES;
				CLANG_WARN_INT_CONVERSION = YES;
				CLANG_WARN_NON_LITERAL_NULL_CONVERSION = YES;
				CLANG_WARN_OBJC_IMPLICIT_RETAIN_SELF = YES;
				CLANG_WARN_OBJC_LITERAL_CONVERSION = YES;
				CLANG_WARN_OBJC_ROOT_CLASS = YES_ERROR;
				CLANG_WARN_QUOTED_INCLUDE_IN_FRAMEWORK_HEADER = YES;
				CLANG_WARN_RANGE_LOOP_ANALYSIS = YES;
				CLANG_WARN_STRICT_PROTOTYPES = YES;
				CLANG_WARN_SUSPICIOUS_MOVE = YES;
				CLANG_WARN_UNGUARDED_AVAILABILITY = YES_AGGRESSIVE;
				CLANG_WARN_UNREACHABLE_CODE = YES;
				CLANG_WARN__DUPLICATE_METHOD_MATCH = YES;
				COPY_PHASE_STRIP = NO;
				DEBUG_INFORMATION_FORMAT = "dwarf-with-dsym";
				ENABLE_NS_ASSERTIONS = NO;
				ENABLE_STRICT_OBJC_MSGSEND = YES;
				GCC_C_LANGUAGE_STANDARD = gnu11;
				GCC_NO_COMMON_BLOCKS = YES;
				GCC_WARN_64_TO_32_BIT_CONVERSION = YES;
				GCC_WARN_ABOUT_RETURN_TYPE = YES_ERROR;
				GCC_WARN_UNDECLARED_SELECTOR = YES;
				GCC_WARN_UNINITIALIZED_AUTOS = YES_AGGRESSIVE;
				GCC_WARN_UNUSED_FUNCTION = YES;
				GCC_WARN_UNUSED_VARIABLE = YES;
				IPHONEOS_DEPLOYMENT_TARGET = 14.5;
				MTL_ENABLE_DEBUG_INFO = NO;
				MTL_FAST_MATH = YES;
				SDKROOT = iphoneos;
				SWIFT_COMPILATION_MODE = wholemodule;
				SWIFT_OPTIMIZATION_LEVEL = "-Onone";
				VALIDATE_PRODUCT = YES;
			};
			name = Release;
		};
		896D7EC226A0550D005CBCBA /* Debug */ = {
			isa = XCBuildConfiguration;
			baseConfigurationReference = 678AB5D1FC6DFB42D4DDB9AD /* Pods-paprika.debug.xcconfig */;
			buildSettings = {
				ASSETCATALOG_COMPILER_APPICON_NAME = AppIcon;
				ASSETCATALOG_COMPILER_GLOBAL_ACCENT_COLOR_NAME = AccentColor;
				CODE_SIGN_IDENTITY = "Apple Development";
				CODE_SIGN_STYLE = Automatic;
				CURRENT_PROJECT_VERSION = 4;
				DEVELOPMENT_TEAM = A9DZA4U68F;
				ENABLE_PREVIEWS = YES;
				INFOPLIST_FILE = paprika/Info.plist;
				IPHONEOS_DEPLOYMENT_TARGET = 14.0;
				LD_RUNPATH_SEARCH_PATHS = (
					"$(inherited)",
					"@executable_path/Frameworks",
				);
				PRODUCT_BUNDLE_IDENTIFIER = com.academyufpe.paprikaapp;
				PRODUCT_NAME = "$(TARGET_NAME)";
				PROVISIONING_PROFILE_SPECIFIER = "";
				SWIFT_VERSION = 5.0;
				TARGETED_DEVICE_FAMILY = 2;
			};
			name = Debug;
		};
		896D7EC326A0550D005CBCBA /* Release */ = {
			isa = XCBuildConfiguration;
			baseConfigurationReference = 231B644CA898F6D8823260E3 /* Pods-paprika.release.xcconfig */;
			buildSettings = {
				ASSETCATALOG_COMPILER_APPICON_NAME = AppIcon;
				ASSETCATALOG_COMPILER_GLOBAL_ACCENT_COLOR_NAME = AccentColor;
				CODE_SIGN_STYLE = Automatic;
				CURRENT_PROJECT_VERSION = 4;
				DEVELOPMENT_TEAM = A9DZA4U68F;
				ENABLE_PREVIEWS = YES;
				INFOPLIST_FILE = paprika/Info.plist;
				IPHONEOS_DEPLOYMENT_TARGET = 14.0;
				LD_RUNPATH_SEARCH_PATHS = (
					"$(inherited)",
					"@executable_path/Frameworks",
				);
				PRODUCT_BUNDLE_IDENTIFIER = com.academyufpe.paprikaapp;
				PRODUCT_NAME = "$(TARGET_NAME)";
				SWIFT_VERSION = 5.0;
				TARGETED_DEVICE_FAMILY = 2;
			};
			name = Release;
		};
		896D7EC526A0550D005CBCBA /* Debug */ = {
			isa = XCBuildConfiguration;
			baseConfigurationReference = 30D098D79184387B590BDA8C /* Pods-paprikaTests.debug.xcconfig */;
			buildSettings = {
				ALWAYS_EMBED_SWIFT_STANDARD_LIBRARIES = YES;
				BUNDLE_LOADER = "$(TEST_HOST)";
				CODE_SIGN_STYLE = Automatic;
				DEVELOPMENT_TEAM = D84M4LK87S;
				INFOPLIST_FILE = paprikaTests/Info.plist;
				IPHONEOS_DEPLOYMENT_TARGET = 14.0;
				LD_RUNPATH_SEARCH_PATHS = (
					"$(inherited)",
					"@executable_path/Frameworks",
					"@loader_path/Frameworks",
				);
				PRODUCT_BUNDLE_IDENTIFIER = academyufpe.paprikaTests;
				PRODUCT_NAME = "$(TARGET_NAME)";
				SWIFT_VERSION = 5.0;
				TARGETED_DEVICE_FAMILY = "1,2";
				TEST_HOST = "$(BUILT_PRODUCTS_DIR)/paprika.app/paprika";
			};
			name = Debug;
		};
		896D7EC626A0550D005CBCBA /* Release */ = {
			isa = XCBuildConfiguration;
			baseConfigurationReference = D82B4B8A660D57A0B1FD3E93 /* Pods-paprikaTests.release.xcconfig */;
			buildSettings = {
				ALWAYS_EMBED_SWIFT_STANDARD_LIBRARIES = YES;
				BUNDLE_LOADER = "$(TEST_HOST)";
				CODE_SIGN_STYLE = Automatic;
				DEVELOPMENT_TEAM = D84M4LK87S;
				INFOPLIST_FILE = paprikaTests/Info.plist;
				IPHONEOS_DEPLOYMENT_TARGET = 14.0;
				LD_RUNPATH_SEARCH_PATHS = (
					"$(inherited)",
					"@executable_path/Frameworks",
					"@loader_path/Frameworks",
				);
				PRODUCT_BUNDLE_IDENTIFIER = academyufpe.paprikaTests;
				PRODUCT_NAME = "$(TARGET_NAME)";
				SWIFT_VERSION = 5.0;
				TARGETED_DEVICE_FAMILY = "1,2";
				TEST_HOST = "$(BUILT_PRODUCTS_DIR)/paprika.app/paprika";
			};
			name = Release;
		};
		896D7EC826A0550D005CBCBA /* Debug */ = {
			isa = XCBuildConfiguration;
			baseConfigurationReference = 7A2553217925822744DEADE3 /* Pods-paprika-paprikaUITests.debug.xcconfig */;
			buildSettings = {
				ALWAYS_EMBED_SWIFT_STANDARD_LIBRARIES = YES;
				CODE_SIGN_STYLE = Automatic;
				DEVELOPMENT_TEAM = D84M4LK87S;
				INFOPLIST_FILE = paprikaUITests/Info.plist;
				LD_RUNPATH_SEARCH_PATHS = (
					"$(inherited)",
					"@executable_path/Frameworks",
					"@loader_path/Frameworks",
				);
				PRODUCT_BUNDLE_IDENTIFIER = academyufpe.paprikaUITests;
				PRODUCT_NAME = "$(TARGET_NAME)";
				SWIFT_VERSION = 5.0;
				TARGETED_DEVICE_FAMILY = "1,2";
				TEST_TARGET_NAME = paprika;
			};
			name = Debug;
		};
		896D7EC926A0550D005CBCBA /* Release */ = {
			isa = XCBuildConfiguration;
			baseConfigurationReference = 1821DAC7FD8C3C5359C33AC1 /* Pods-paprika-paprikaUITests.release.xcconfig */;
			buildSettings = {
				ALWAYS_EMBED_SWIFT_STANDARD_LIBRARIES = YES;
				CODE_SIGN_STYLE = Automatic;
				DEVELOPMENT_TEAM = D84M4LK87S;
				INFOPLIST_FILE = paprikaUITests/Info.plist;
				LD_RUNPATH_SEARCH_PATHS = (
					"$(inherited)",
					"@executable_path/Frameworks",
					"@loader_path/Frameworks",
				);
				PRODUCT_BUNDLE_IDENTIFIER = academyufpe.paprikaUITests;
				PRODUCT_NAME = "$(TARGET_NAME)";
				SWIFT_VERSION = 5.0;
				TARGETED_DEVICE_FAMILY = "1,2";
				TEST_TARGET_NAME = paprika;
			};
			name = Release;
		};
/* End XCBuildConfiguration section */

/* Begin XCConfigurationList section */
		896D7E9226A0550C005CBCBA /* Build configuration list for PBXProject "paprika" */ = {
			isa = XCConfigurationList;
			buildConfigurations = (
				896D7EBF26A0550D005CBCBA /* Debug */,
				896D7EC026A0550D005CBCBA /* Release */,
			);
			defaultConfigurationIsVisible = 0;
			defaultConfigurationName = Release;
		};
		896D7EC126A0550D005CBCBA /* Build configuration list for PBXNativeTarget "paprika" */ = {
			isa = XCConfigurationList;
			buildConfigurations = (
				896D7EC226A0550D005CBCBA /* Debug */,
				896D7EC326A0550D005CBCBA /* Release */,
			);
			defaultConfigurationIsVisible = 0;
			defaultConfigurationName = Release;
		};
		896D7EC426A0550D005CBCBA /* Build configuration list for PBXNativeTarget "paprikaTests" */ = {
			isa = XCConfigurationList;
			buildConfigurations = (
				896D7EC526A0550D005CBCBA /* Debug */,
				896D7EC626A0550D005CBCBA /* Release */,
			);
			defaultConfigurationIsVisible = 0;
			defaultConfigurationName = Release;
		};
		896D7EC726A0550D005CBCBA /* Build configuration list for PBXNativeTarget "paprikaUITests" */ = {
			isa = XCConfigurationList;
			buildConfigurations = (
				896D7EC826A0550D005CBCBA /* Debug */,
				896D7EC926A0550D005CBCBA /* Release */,
			);
			defaultConfigurationIsVisible = 0;
			defaultConfigurationName = Release;
		};
/* End XCConfigurationList section */

/* Begin XCVersionGroup section */
		896D7EA526A0550D005CBCBA /* paprika.xcdatamodeld */ = {
			isa = XCVersionGroup;
			children = (
				896D7EA626A0550D005CBCBA /* paprika.xcdatamodel */,
			);
			currentVersion = 896D7EA626A0550D005CBCBA /* paprika.xcdatamodel */;
			path = paprika.xcdatamodeld;
			sourceTree = "<group>";
			versionGroupType = wrapper.xcdatamodel;
		};
/* End XCVersionGroup section */
	};
	rootObject = 896D7E8F26A0550C005CBCBA /* Project object */;
}
